{
  "name": "PTAMain2",
  "lockfileVersion": 2,
  "requires": true,
  "packages": {
    "node_modules/dayjs": {
      "version": "1.9.1",
      "resolved": "https://registry.npmjs.org/dayjs/-/dayjs-1.9.1.tgz",
      "integrity": "sha512-01NCTBg8cuMJG1OQc6PR7T66+AFYiPwgDvdJmvJBn29NGzIG+DIFxPLNjHzwz3cpFIvG+NcwIjP9hSaPVoOaDg=="
    }
  },
  "dependencies": {
    "dayjs": {
      "version": "https://registry.npmjs.org/dayjs/-/dayjs-1.9.1.tgz",
      "integrity": "sha512-01NCTBg8cuMJG1OQc6PR7T66+AFYiPwgDvdJmvJBn29NGzIG+DIFxPLNjHzwz3cpFIvG+NcwIjP9hSaPVoOaDg=="
    }
  }
}
